
Microsoft Visual Studio Solution File, Format Version 12.00
# Visual Studio Version 17
VisualStudioVersion = 17.13.35806.99 d17.13
MinimumVisualStudioVersion = 10.0.40219.1
Project("{FAE04EC0-301F-11D3-BF4B-00C04F79EFBC}") = "Mafia", "Mafia.csproj", "{0A6E10F1-CD50-4094-869D-A46C205AED01}"
EndProject
Project("{FAE04EC0-301F-11D3-BF4B-00C04F79EFBC}") = "Models", "..\Models\Models.csproj", "{E99AB00C-5D7F-4998-A41C-45C574F72DD8}"
EndProject
Project("{FAE04EC0-301F-11D3-BF4B-00C04F79EFBC}") = "Repository", "..\Repository\Repository.csproj", "{CF8912D7-B22D-4BA7-895F-F8B94C07967A}"
	ProjectSection(ProjectDependencies) = postProject
		{E99AB00C-5D7F-4998-A41C-45C574F72DD8} = {E99AB00C-5D7F-4998-A41C-45C574F72DD8}
	EndProjectSection
EndProject
Global
	GlobalSection(SolutionConfigurationPlatforms) = preSolution
		Debug|Any CPU = Debug|Any CPU
		Release|Any CPU = Release|Any CPU
	EndGlobalSection
	GlobalSection(ProjectConfigurationPlatforms) = postSolution
		{0A6E10F1-CD50-4094-869D-A46C205AED01}.Debug|Any CPU.ActiveCfg = Debug|Any CPU
		{0A6E10F1-CD50-4094-869D-A46C205AED01}.Debug|Any CPU.Build.0 = Debug|Any CPU
		{0A6E10F1-CD50-4094-869D-A46C205AED01}.Release|Any CPU.ActiveCfg = Release|Any CPU
		{0A6E10F1-CD50-4094-869D-A46C205AED01}.Release|Any CPU.Build.0 = Release|Any CPU
		{E99AB00C-5D7F-4998-A41C-45C574F72DD8}.Debug|Any CPU.ActiveCfg = Debug|Any CPU
		{E99AB00C-5D7F-4998-A41C-45C574F72DD8}.Debug|Any CPU.Build.0 = Debug|Any CPU
		{E99AB00C-5D7F-4998-A41C-45C574F72DD8}.Release|Any CPU.ActiveCfg = Release|Any CPU
		{E99AB00C-5D7F-4998-A41C-45C574F72DD8}.Release|Any CPU.Build.0 = Release|Any CPU
		{CF8912D7-B22D-4BA7-895F-F8B94C07967A}.Debug|Any CPU.ActiveCfg = Debug|Any CPU
		{CF8912D7-B22D-4BA7-895F-F8B94C07967A}.Debug|Any CPU.Build.0 = Debug|Any CPU
		{CF8912D7-B22D-4BA7-895F-F8B94C07967A}.Release|Any CPU.ActiveCfg = Release|Any CPU
		{CF8912D7-B22D-4BA7-895F-F8B94C07967A}.Release|Any CPU.Build.0 = Release|Any CPU
	EndGlobalSection
	GlobalSection(SolutionProperties) = preSolution
		HideSolutionNode = FALSE
	EndGlobalSection
	GlobalSection(ExtensibilityGlobals) = postSolution
		SolutionGuid = {37070A30-421F-410F-BE8B-EB911C06FA59}
	EndGlobalSection
EndGlobal
